
Microsoft Visual Studio Solution File, Format Version 12.00
# Visual Studio 14
VisualStudioVersion = 14.0.25420.1
MinimumVisualStudioVersion = 10.0.40219.1
Project("{FAE04EC0-301F-11D3-BF4B-00C04F79EFBC}") = "Seade.Core", "Seade.Core\Seade.Core.csproj", "{3380693E-D9B9-414F-B492-E2204BEABE67}"
EndProject
Project("{FAE04EC0-301F-11D3-BF4B-00C04F79EFBC}") = "Seade.Test", "Seade.Test\Seade.Test.csproj", "{D5F2CECE-2777-44CA-88F0-8137DB9FCB7B}"
EndProject
Project("{2150E333-8FDC-42A3-9474-1A3956D46DE8}") = "Solution Items", "Solution Items", "{794E72B7-A3F2-450B-BC32-BED1D95DCAF8}"
	ProjectSection(SolutionItems) = preProject
		..\README.md = ..\README.md
	EndProjectSection
EndProject
Global
	GlobalSection(SolutionConfigurationPlatforms) = preSolution
		Debug|Any CPU = Debug|Any CPU
		Release|Any CPU = Release|Any CPU
	EndGlobalSection
	GlobalSection(ProjectConfigurationPlatforms) = postSolution
		{3380693E-D9B9-414F-B492-E2204BEABE67}.Debug|Any CPU.ActiveCfg = Debug|Any CPU
		{3380693E-D9B9-414F-B492-E2204BEABE67}.Debug|Any CPU.Build.0 = Debug|Any CPU
		{3380693E-D9B9-414F-B492-E2204BEABE67}.Release|Any CPU.ActiveCfg = Release|Any CPU
		{3380693E-D9B9-414F-B492-E2204BEABE67}.Release|Any CPU.Build.0 = Release|Any CPU
		{D5F2CECE-2777-44CA-88F0-8137DB9FCB7B}.Debug|Any CPU.ActiveCfg = Debug|Any CPU
		{D5F2CECE-2777-44CA-88F0-8137DB9FCB7B}.Debug|Any CPU.Build.0 = Debug|Any CPU
		{D5F2CECE-2777-44CA-88F0-8137DB9FCB7B}.Release|Any CPU.ActiveCfg = Release|Any CPU
		{D5F2CECE-2777-44CA-88F0-8137DB9FCB7B}.Release|Any CPU.Build.0 = Release|Any CPU
	EndGlobalSection
	GlobalSection(SolutionProperties) = preSolution
		HideSolutionNode = FALSE
	EndGlobalSection
EndGlobal
